// !$*UTF8*$!
{
	archiveVersion = 1;
	classes = {
	};
	objectVersion = 46;
	objects = {

/* Begin PBXBuildFile section */
		6BACB85F1B0F542B007CBA5A /* main.m in Sources */ = {isa = PBXBuildFile; fileRef = 6BACB85E1B0F542B007CBA5A /* main.m */; };
		6BACB8621B0F542B007CBA5A /* AppDelegate.m in Sources */ = {isa = PBXBuildFile; fileRef = 6BACB8611B0F542B007CBA5A /* AppDelegate.m */; };
		6BACB8651B0F542B007CBA5A /* ViewController.m in Sources */ = {isa = PBXBuildFile; fileRef = 6BACB8641B0F542B007CBA5A /* ViewController.m */; };
		6BACB8681B0F542B007CBA5A /* Main.storyboard in Resources */ = {isa = PBXBuildFile; fileRef = 6BACB8661B0F542B007CBA5A /* Main.storyboard */; };
		6BACB86A1B0F542B007CBA5A /* Images.xcassets in Resources */ = {isa = PBXBuildFile; fileRef = 6BACB8691B0F542B007CBA5A /* Images.xcassets */; };
		6BACB86D1B0F542B007CBA5A /* LaunchScreen.xib in Resources */ = {isa = PBXBuildFile; fileRef = 6BACB86B1B0F542B007CBA5A /* LaunchScreen.xib */; };
		6BACB8791B0F542B007CBA5A /* UINavigationBarDemoTests.m in Sources */ = {isa = PBXBuildFile; fileRef = 6BACB8781B0F542B007CBA5A /* UINavigationBarDemoTests.m */; };
		6BACB8841B0F5593007CBA5A /* ViewController2.m in Sources */ = {isa = PBXBuildFile; fileRef = 6BACB8831B0F5593007CBA5A /* ViewController2.m */; };
		6BACB8861B0F5ABF007CBA5A /* 22-1.jpg in Resources */ = {isa = PBXBuildFile; fileRef = 6BACB8851B0F5ABF007CBA5A /* 22-1.jpg */; };
/* End PBXBuildFile section */

/* Begin PBXContainerItemProxy section */
		6BACB8731B0F542B007CBA5A /* PBXContainerItemProxy */ = {
			isa = PBXContainerItemProxy;
			containerPortal = 6BACB8511B0F542A007CBA5A /* Project object */;
			proxyType = 1;
			remoteGlobalIDString = 6BACB8581B0F542B007CBA5A;
			remoteInfo = UINavigationBarDemo;
		};
/* End PBXContainerItemProxy section */

/* Begin PBXFileReference section */
		6BACB8591B0F542B007CBA5A /* UINavigationBarDemo.app */ = {isa = PBXFileReference; explicitFileType = wrapper.application; includeInIndex = 0; path = UINavigationBarDemo.app; sourceTree = BUILT_PRODUCTS_DIR; };
		6BACB85D1B0F542B007CBA5A /* Info.plist */ = {isa = PBXFileReference; lastKnownFileType = text.plist.xml; path = Info.plist; sourceTree = "<group>"; };
		6BACB85E1B0F542B007CBA5A /* main.m */ = {isa = PBXFileReference; lastKnownFileType = sourcecode.c.objc; path = main.m; sourceTree = "<group>"; };
		6BACB8601B0F542B007CBA5A /* AppDelegate.h */ = {isa = PBXFileReference; lastKnownFileType = sourcecode.c.h; path = AppDelegate.h; sourceTree = "<group>"; };
		6BACB8611B0F542B007CBA5A /* AppDelegate.m */ = {isa = PBXFileReference; lastKnownFileType = sourcecode.c.objc; path = AppDelegate.m; sourceTree = "<group>"; };
		6BACB8631B0F542B007CBA5A /* ViewController.h */ = {isa = PBXFileReference; lastKnownFileType = sourcecode.c.h; path = ViewController.h; sourceTree = "<group>"; };
		6BACB8641B0F542B007CBA5A /* ViewController.m */ = {isa = PBXFileReference; lastKnownFileType = sourcecode.c.objc; path = ViewController.m; sourceTree = "<group>"; };
		6BACB8671B0F542B007CBA5A /* Base */ = {isa = PBXFileReference; lastKnownFileType = file.storyboard; name = Base; path = Base.lproj/Main.storyboard; sourceTree = "<group>"; };
		6BACB8691B0F542B007CBA5A /* Images.xcassets */ = {isa = PBXFileReference; lastKnownFileType = folder.assetcatalog; path = Images.xcassets; sourceTree = "<group>"; };
		6BACB86C1B0F542B007CBA5A /* Base */ = {isa = PBXFileReference; lastKnownFileType = file.xib; name = Base; path = Base.lproj/LaunchScreen.xib; sourceTree = "<group>"; };
		6BACB8721B0F542B007CBA5A /* UINavigationBarDemoTests.xctest */ = {isa = PBXFileReference; explicitFileType = wrapper.cfbundle; includeInIndex = 0; path = UINavigationBarDemoTests.xctest; sourceTree = BUILT_PRODUCTS_DIR; };
		6BACB8771B0F542B007CBA5A /* Info.plist */ = {isa = PBXFileReference; lastKnownFileType = text.plist.xml; path = Info.plist; sourceTree = "<group>"; };
		6BACB8781B0F542B007CBA5A /* UINavigationBarDemoTests.m */ = {isa = PBXFileReference; lastKnownFileType = sourcecode.c.objc; path = UINavigationBarDemoTests.m; sourceTree = "<group>"; };
		6BACB8821B0F5593007CBA5A /* ViewController2.h */ = {isa = PBXFileReference; fileEncoding = 4; lastKnownFileType = sourcecode.c.h; path = ViewController2.h; sourceTree = "<group>"; };
		6BACB8831B0F5593007CBA5A /* ViewController2.m */ = {isa = PBXFileReference; fileEncoding = 4; lastKnownFileType = sourcecode.c.objc; path = ViewController2.m; sourceTree = "<group>"; };
		6BACB8851B0F5ABF007CBA5A /* 22-1.jpg */ = {isa = PBXFileReference; lastKnownFileType = image.jpeg; path = "22-1.jpg"; sourceTree = "<group>"; };
/* End PBXFileReference section */

/* Begin PBXFrameworksBuildPhase section */
		6BACB8561B0F542B007CBA5A /* Frameworks */ = {
			isa = PBXFrameworksBuildPhase;
			buildActionMask = 2147483647;
			files = (
			);
			runOnlyForDeploymentPostprocessing = 0;
		};
		6BACB86F1B0F542B007CBA5A /* Frameworks */ = {
			isa = PBXFrameworksBuildPhase;
			buildActionMask = 2147483647;
			files = (
			);
			runOnlyForDeploymentPostprocessing = 0;
		};
/* End PBXFrameworksBuildPhase section */

/* Begin PBXGroup section */
		6BACB8501B0F542A007CBA5A = {
			isa = PBXGroup;
			children = (
				6BACB85B1B0F542B007CBA5A /* UINavigationBarDemo */,
				6BACB8751B0F542B007CBA5A /* UINavigationBarDemoTests */,
				6BACB85A1B0F542B007CBA5A /* Products */,
			);
			sourceTree = "<group>";
		};
		6BACB85A1B0F542B007CBA5A /* Products */ = {
			isa = PBXGroup;
			children = (
				6BACB8591B0F542B007CBA5A /* UINavigationBarDemo.app */,
				6BACB8721B0F542B007CBA5A /* UINavigationBarDemoTests.xctest */,
			);
			name = Products;
			sourceTree = "<group>";
		};
		6BACB85B1B0F542B007CBA5A /* UINavigationBarDemo */ = {
			isa = PBXGroup;
			children = (
				6BACB8851B0F5ABF007CBA5A /* 22-1.jpg */,
				6BACB8601B0F542B007CBA5A /* AppDelegate.h */,
				6BACB8611B0F542B007CBA5A /* AppDelegate.m */,
				6BACB8631B0F542B007CBA5A /* ViewController.h */,
				6BACB8641B0F542B007CBA5A /* ViewController.m */,
				6BACB8661B0F542B007CBA5A /* Main.storyboard */,
				6BACB8691B0F542B007CBA5A /* Images.xcassets */,
				6BACB86B1B0F542B007CBA5A /* LaunchScreen.xib */,
				6BACB85C1B0F542B007CBA5A /* Supporting Files */,
				6BACB8821B0F5593007CBA5A /* ViewController2.h */,
				6BACB8831B0F5593007CBA5A /* ViewController2.m */,
			);
			path = UINavigationBarDemo;
			sourceTree = "<group>";
		};
		6BACB85C1B0F542B007CBA5A /* Supporting Files */ = {
			isa = PBXGroup;
			children = (
				6BACB85D1B0F542B007CBA5A /* Info.plist */,
				6BACB85E1B0F542B007CBA5A /* main.m */,
			);
			name = "Supporting Files";
			sourceTree = "<group>";
		};
		6BACB8751B0F542B007CBA5A /* UINavigationBarDemoTests */ = {
			isa = PBXGroup;
			children = (
				6BACB8781B0F542B007CBA5A /* UINavigationBarDemoTests.m */,
				6BACB8761B0F542B007CBA5A /* Supporting Files */,
			);
			path = UINavigationBarDemoTests;
			sourceTree = "<group>";
		};
		6BACB8761B0F542B007CBA5A /* Supporting Files */ = {
			isa = PBXGroup;
			children = (
				6BACB8771B0F542B007CBA5A /* Info.plist */,
			);
			name = "Supporting Files";
			sourceTree = "<group>";
		};
/* End PBXGroup section */

/* Begin PBXNativeTarget section */
		6BACB8581B0F542B007CBA5A /* UINavigationBarDemo */ = {
			isa = PBXNativeTarget;
			buildConfigurationList = 6BACB87C1B0F542B007CBA5A /* Build configuration list for PBXNativeTarget "UINavigationBarDemo" */;
			buildPhases = (
				6BACB8551B0F542B007CBA5A /* Sources */,
				6BACB8561B0F542B007CBA5A /* Frameworks */,
				6BACB8571B0F542B007CBA5A /* Resources */,
			);
			buildRules = (
			);
			dependencies = (
			);
			name = UINavigationBarDemo;
			productName = UINavigationBarDemo;
			productReference = 6BACB8591B0F542B007CBA5A /* UINavigationBarDemo.app */;
			productType = "com.apple.product-type.application";
		};
		6BACB8711B0F542B007CBA5A /* UINavigationBarDemoTests */ = {
			isa = PBXNativeTarget;
			buildConfigurationList = 6BACB87F1B0F542B007CBA5A /* Build configuration list for PBXNativeTarget "UINavigationBarDemoTests" */;
			buildPhases = (
				6BACB86E1B0F542B007CBA5A /* Sources */,
				6BACB86F1B0F542B007CBA5A /* Frameworks */,
				6BACB8701B0F542B007CBA5A /* Resources */,
			);
			buildRules = (
			);
			dependencies = (
				6BACB8741B0F542B007CBA5A /* PBXTargetDependency */,
			);
			name = UINavigationBarDemoTests;
			productName = UINavigationBarDemoTests;
			productReference = 6BACB8721B0F542B007CBA5A /* UINavigationBarDemoTests.xctest */;
			productType = "com.apple.product-type.bundle.unit-test";
		};
/* End PBXNativeTarget section */

/* Begin PBXProject section */
		6BACB8511B0F542A007CBA5A /* Project object */ = {
			isa = PBXProject;
			attributes = {
				LastUpgradeCheck = 0630;
				ORGANIZATIONNAME = ChirsLian;
				TargetAttributes = {
					6BACB8581B0F542B007CBA5A = {
						CreatedOnToolsVersion = 6.3.2;
					};
					6BACB8711B0F542B007CBA5A = {
						CreatedOnToolsVersion = 6.3.2;
						TestTargetID = 6BACB8581B0F542B007CBA5A;
					};
				};
			};
			buildConfigurationList = 6BACB8541B0F542A007CBA5A /* Build configuration list for PBXProject "UINavigationBarDemo" */;
			compatibilityVersion = "Xcode 3.2";
			developmentRegion = English;
			hasScannedForEncodings = 0;
			knownRegions = (
				en,
				Base,
			);
			mainGroup = 6BACB8501B0F542A007CBA5A;
			productRefGroup = 6BACB85A1B0F542B007CBA5A /* Products */;
			projectDirPath = "";
			projectRoot = "";
			targets = (
				6BACB8581B0F542B007CBA5A /* UINavigationBarDemo */,
				6BACB8711B0F542B007CBA5A /* UINavigationBarDemoTests */,
			);
		};
/* End PBXProject section */

/* Begin PBXResourcesBuildPhase section */
		6BACB8571B0F542B007CBA5A /* Resources */ = {
			isa = PBXResourcesBuildPhase;
			buildActionMask = 2147483647;
			files = (
				6BACB8681B0F542B007CBA5A /* Main.storyboard in Resources */,
				6BACB8861B0F5ABF007CBA5A /* 22-1.jpg in Resources */,
				6BACB86D1B0F542B007CBA5A /* LaunchScreen.xib in Resources */,
				6BACB86A1B0F542B007CBA5A /* Images.xcassets in Resources */,
			);
			runOnlyForDeploymentPostprocessing = 0;
		};
		6BACB8701B0F542B007CBA5A /* Resources */ = {
			isa = PBXResourcesBuildPhase;
			buildActionMask = 2147483647;
			files = (
			);
			runOnlyForDeploymentPostprocessing = 0;
		};
/* End PBXResourcesBuildPhase section */

/* Begin PBXSourcesBuildPhase section */
		6BACB8551B0F542B007CBA5A /* Sources */ = {
			isa = PBXSourcesBuildPhase;
			buildActionMask = 2147483647;
			files = (
				6BACB8651B0F542B007CBA5A /* ViewController.m in Sources */,
				6BACB8841B0F5593007CBA5A /* ViewController2.m in Sources */,
				6BACB8621B0F542B007CBA5A /* AppDelegate.m in Sources */,
				6BACB85F1B0F542B007CBA5A /* main.m in Sources */,
			);
			runOnlyForDeploymentPostprocessing = 0;
		};
		6BACB86E1B0F542B007CBA5A /* Sources */ = {
			isa = PBXSourcesBuildPhase;
			buildActionMask = 2147483647;
			files = (
				6BACB8791B0F542B007CBA5A /* UINavigationBarDemoTests.m in Sources */,
			);
			runOnlyForDeploymentPostprocessing = 0;
		};
/* End PBXSourcesBuildPhase section */

/* Begin PBXTargetDependency section */
		6BACB8741B0F542B007CBA5A /* PBXTargetDependency */ = {
			isa = PBXTargetDependency;
			target = 6BACB8581B0F542B007CBA5A /* UINavigationBarDemo */;
			targetProxy = 6BACB8731B0F542B007CBA5A /* PBXContainerItemProxy */;
		};
/* End PBXTargetDependency section */

/* Begin PBXVariantGroup section */
		6BACB8661B0F542B007CBA5A /* Main.storyboard */ = {
			isa = PBXVariantGroup;
			children = (
				6BACB8671B0F542B007CBA5A /* Base */,
			);
			name = Main.storyboard;
			sourceTree = "<group>";
		};
		6BACB86B1B0F542B007CBA5A /* LaunchScreen.xib */ = {
			isa = PBXVariantGroup;
			children = (
				6BACB86C1B0F542B007CBA5A /* Base */,
			);
			name = LaunchScreen.xib;
			sourceTree = "<group>";
		};
/* End PBXVariantGroup section */

/* Begin XCBuildConfiguration section */
		6BACB87A1B0F542B007CBA5A /* Debug */ = {
			isa = XCBuildConfiguration;
			buildSettings = {
				ALWAYS_SEARCH_USER_PATHS = NO;
				CLANG_CXX_LANGUAGE_STANDARD = "gnu++0x";
				CLANG_CXX_LIBRARY = "libc++";
				CLANG_ENABLE_MODULES = YES;
				CLANG_ENABLE_OBJC_ARC = YES;
				CLANG_WARN_BOOL_CONVERSION = YES;
				CLANG_WARN_CONSTANT_CONVERSION = YES;
				CLANG_WARN_DIRECT_OBJC_ISA_USAGE = YES_ERROR;
				CLANG_WARN_EMPTY_BODY = YES;
				CLANG_WARN_ENUM_CONVERSION = YES;
				CLANG_WARN_INT_CONVERSION = YES;
				CLANG_WARN_OBJC_ROOT_CLASS = YES_ERROR;
				CLANG_WARN_UNREACHABLE_CODE = YES;
				CLANG_WARN__DUPLICATE_METHOD_MATCH = YES;
				"CODE_SIGN_IDENTITY[sdk=iphoneos*]" = "iPhone Developer";
				COPY_PHASE_STRIP = NO;
				DEBUG_INFORMATION_FORMAT = "dwarf-with-dsym";
				ENABLE_STRICT_OBJC_MSGSEND = YES;
				GCC_C_LANGUAGE_STANDARD = gnu99;
				GCC_DYNAMIC_NO_PIC = NO;
				GCC_NO_COMMON_BLOCKS = YES;
				GCC_OPTIMIZATION_LEVEL = 0;
				GCC_PREPROCESSOR_DEFINITIONS = (
					"DEBUG=1",
					"$(inherited)",
				);
				GCC_SYMBOLS_PRIVATE_EXTERN = NO;
				GCC_WARN_64_TO_32_BIT_CONVERSION = YES;
				GCC_WARN_ABOUT_RETURN_TYPE = YES_ERROR;
				GCC_WARN_UNDECLARED_SELECTOR = YES;
				GCC_WARN_UNINITIALIZED_AUTOS = YES_AGGRESSIVE;
				GCC_WARN_UNUSED_FUNCTION = YES;
				GCC_WARN_UNUSED_VARIABLE = YES;
				IPHONEOS_DEPLOYMENT_TARGET = 8.3;
				MTL_ENABLE_DEBUG_INFO = YES;
				ONLY_ACTIVE_ARCH = YES;
				SDKROOT = iphoneos;
				TARGETED_DEVICE_FAMILY = "1,2";
			};
			name = Debug;
		};
		6BACB87B1B0F542B007CBA5A /* Release */ = {
			isa = XCBuildConfiguration;
			buildSettings = {
				ALWAYS_SEARCH_USER_PATHS = NO;
				CLANG_CXX_LANGUAGE_STANDARD = "gnu++0x";
				CLANG_CXX_LIBRARY = "libc++";
				CLANG_ENABLE_MODULES = YES;
				CLANG_ENABLE_OBJC_ARC = YES;
				CLANG_WARN_BOOL_CONVERSION = YES;
				CLANG_WARN_CONSTANT_CONVERSION = YES;
				CLANG_WARN_DIRECT_OBJC_ISA_USAGE = YES_ERROR;
				CLANG_WARN_EMPTY_BODY = YES;
				CLANG_WARN_ENUM_CONVERSION = YES;
				CLANG_WARN_INT_CONVERSION = YES;
				CLANG_WARN_OBJC_ROOT_CLASS = YES_ERROR;
				CLANG_WARN_UNREACHABLE_CODE = YES;
				CLANG_WARN__DUPLICATE_METHOD_MATCH = YES;
				"CODE_SIGN_IDENTITY[sdk=iphoneos*]" = "iPhone Developer";
				COPY_PHASE_STRIP = NO;
				DEBUG_INFORMATION_FORMAT = "dwarf-with-dsym";
				ENABLE_NS_ASSERTIONS = NO;
				ENABLE_STRICT_OBJC_MSGSEND = YES;
				GCC_C_LANGUAGE_STANDARD = gnu99;
				GCC_NO_COMMON_BLOCKS = YES;
				GCC_WARN_64_TO_32_BIT_CONVERSION = YES;
				GCC_WARN_ABOUT_RETURN_TYPE = YES_ERROR;
				GCC_WARN_UNDECLARED_SELECTOR = YES;
				GCC_WARN_UNINITIALIZED_AUTOS = YES_AGGRESSIVE;
				GCC_WARN_UNUSED_FUNCTION = YES;
				GCC_WARN_UNUSED_VARIABLE = YES;
				IPHONEOS_DEPLOYMENT_TARGET = 8.3;
				MTL_ENABLE_DEBUG_INFO = NO;
				SDKROOT = iphoneos;
				TARGETED_DEVICE_FAMILY = "1,2";
				VALIDATE_PRODUCT = YES;
			};
			name = Release;
		};
		6BACB87D1B0F542B007CBA5A /* Debug */ = {
			isa = XCBuildConfiguration;
			buildSettings = {
				ASSETCATALOG_COMPILER_APPICON_NAME = AppIcon;
				INFOPLIST_FILE = UINavigationBarDemo/Info.plist;
				LD_RUNPATH_SEARCH_PATHS = "$(inherited) @executable_path/Frameworks";
				PRODUCT_NAME = "$(TARGET_NAME)";
			};
			name = Debug;
		};
		6BACB87E1B0F542B007CBA5A /* Release */ = {
			isa = XCBuildConfiguration;
			buildSettings = {
				ASSETCATALOG_COMPILER_APPICON_NAME = AppIcon;
				INFOPLIST_FILE = UINavigationBarDemo/Info.plist;
				LD_RUNPATH_SEARCH_PATHS = "$(inherited) @executable_path/Frameworks";
				PRODUCT_NAME = "$(TARGET_NAME)";
			};
			name = Release;
		};
		6BACB8801B0F542B007CBA5A /* Debug */ = {
			isa = XCBuildConfiguration;
			buildSettings = {
				BUNDLE_LOADER = "$(TEST_HOST)";
				FRAMEWORK_SEARCH_PATHS = (
					"$(SDKROOT)/Developer/Library/Frameworks",
					"$(inherited)",
				);
				GCC_PREPROCESSOR_DEFINITIONS = (
					"DEBUG=1",
					"$(inherited)",
				);
				INFOPLIST_FILE = UINavigationBarDemoTests/Info.plist;
				LD_RUNPATH_SEARCH_PATHS = "$(inherited) @executable_path/Frameworks @loader_path/Frameworks";
				PRODUCT_NAME = "$(TARGET_NAME)";
				TEST_HOST = "$(BUILT_PRODUCTS_DIR)/UINavigationBarDemo.app/UINavigationBarDemo";
			};
			name = Debug;
		};
		6BACB8811B0F542B007CBA5A /* Release */ = {
			isa = XCBuildConfiguration;
			buildSettings = {
				BUNDLE_LOADER = "$(TEST_HOST)";
				FRAMEWORK_SEARCH_PATHS = (
					"$(SDKROOT)/Developer/Library/Frameworks",
					"$(inherited)",
				);
				INFOPLIST_FILE = UINavigationBarDemoTests/Info.plist;
				LD_RUNPATH_SEARCH_PATHS = "$(inherited) @executable_path/Frameworks @loader_path/Frameworks";
				PRODUCT_NAME = "$(TARGET_NAME)";
				TEST_HOST = "$(BUILT_PRODUCTS_DIR)/UINavigationBarDemo.app/UINavigationBarDemo";
			};
			name = Release;
		};
/* End XCBuildConfiguration section */

/* Begin XCConfigurationList section */
		6BACB8541B0F542A007CBA5A /* Build configuration list for PBXProject "UINavigationBarDemo" */ = {
			isa = XCConfigurationList;
			buildConfigurations = (
				6BACB87A1B0F542B007CBA5A /* Debug */,
				6BACB87B1B0F542B007CBA5A /* Release */,
			);
			defaultConfigurationIsVisible = 0;
			defaultConfigurationName = Release;
		};
		6BACB87C1B0F542B007CBA5A /* Build configuration list for PBXNativeTarget "UINavigationBarDemo" */ = {
			isa = XCConfigurationList;
			buildConfigurations = (
				6BACB87D1B0F542B007CBA5A /* Debug */,
				6BACB87E1B0F542B007CBA5A /* Release */,
			);
			defaultConfigurationIsVisible = 0;
		};
		6BACB87F1B0F542B007CBA5A /* Build configuration list for PBXNativeTarget "UINavigationBarDemoTests" */ = {
			isa = XCConfigurationList;
			buildConfigurations = (
				6BACB8801B0F542B007CBA5A /* Debug */,
				6BACB8811B0F542B007CBA5A /* Release */,
			);
			defaultConfigurationIsVisible = 0;
		};
/* End XCConfigurationList section */
	};
	rootObject = 6BACB8511B0F542A007CBA5A /* Project object */;
}
